
Microsoft Visual Studio Solution File, Format Version 12.00
# Visual Studio 15
VisualStudioVersion = 15.0.27130.2010
MinimumVisualStudioVersion = 10.0.40219.1
Project("{FAE04EC0-301F-11D3-BF4B-00C04F79EFBC}") = "ExamenXaml4H", "ExamenXaml4H\ExamenXaml4H.csproj", "{72D9CA0B-4951-4AFB-AA0A-9C8060DC49F4}"
EndProject
Global
	GlobalSection(SolutionConfigurationPlatforms) = preSolution
		Debug|Any CPU = Debug|Any CPU
		Release|Any CPU = Release|Any CPU
	EndGlobalSection
	GlobalSection(ProjectConfigurationPlatforms) = postSolution
		{72D9CA0B-4951-4AFB-AA0A-9C8060DC49F4}.Debug|Any CPU.ActiveCfg = Debug|Any CPU
		{72D9CA0B-4951-4AFB-AA0A-9C8060DC49F4}.Debug|Any CPU.Build.0 = Debug|Any CPU
		{72D9CA0B-4951-4AFB-AA0A-9C8060DC49F4}.Release|Any CPU.ActiveCfg = Release|Any CPU
		{72D9CA0B-4951-4AFB-AA0A-9C8060DC49F4}.Release|Any CPU.Build.0 = Release|Any CPU
	EndGlobalSection
	GlobalSection(SolutionProperties) = preSolution
		HideSolutionNode = FALSE
	EndGlobalSection
	GlobalSection(ExtensibilityGlobals) = postSolution
		SolutionGuid = {D138CD91-7F0E-435F-9124-3467B6C80A7E}
	EndGlobalSection
EndGlobal
